// !$*UTF8*$!
{
	archiveVersion = 1;
	classes = {
	};
	objectVersion = 77;
	objects = {

/* Begin PBXBuildFile section */
		F87777D12E4E443B009BE07C /* kernels.metal in Sources */ = {isa = PBXBuildFile; fileRef = F87777D02E4E443B009BE07C /* kernels.metal */; };
		F87777D42E4E46FB009BE07C /* mandelbrot_set.cpp in Sources */ = {isa = PBXBuildFile; fileRef = F87777D32E4E46FB009BE07C /* mandelbrot_set.cpp */; };
		F87777D52E4E46FB009BE07C /* mandelbrot_set.h in Headers */ = {isa = PBXBuildFile; fileRef = F87777D22E4E46FB009BE07C /* mandelbrot_set.h */; };
		F87777DA2E4E4CD0009BE07C /* Metal.framework in Frameworks */ = {isa = PBXBuildFile; fileRef = F87777D92E4E4CD0009BE07C /* Metal.framework */; };
		F87777DC2E4E4D15009BE07C /* Foundation.framework in Frameworks */ = {isa = PBXBuildFile; fileRef = F87777DB2E4E4D15009BE07C /* Foundation.framework */; };
/* End PBXBuildFile section */

/* Begin PBXFileReference section */
		F87777C92E4E438C009BE07C /* libgpucompute.dylib */ = {isa = PBXFileReference; explicitFileType = "compiled.mach-o.dylib"; includeInIndex = 0; path = libgpucompute.dylib; sourceTree = BUILT_PRODUCTS_DIR; };
		F87777D02E4E443B009BE07C /* kernels.metal */ = {isa = PBXFileReference; lastKnownFileType = sourcecode.metal; path = kernels.metal; sourceTree = "<group>"; };
		F87777D22E4E46FB009BE07C /* mandelbrot_set.h */ = {isa = PBXFileReference; explicitFileType = sourcecode.c.h; path = mandelbrot_set.h; sourceTree = "<group>"; };
		F87777D32E4E46FB009BE07C /* mandelbrot_set.cpp */ = {isa = PBXFileReference; lastKnownFileType = sourcecode.cpp.cpp; path = mandelbrot_set.cpp; sourceTree = "<group>"; };
		F87777D92E4E4CD0009BE07C /* Metal.framework */ = {isa = PBXFileReference; lastKnownFileType = wrapper.framework; name = Metal.framework; path = System/Library/Frameworks/Metal.framework; sourceTree = SDKROOT; };
		F87777DB2E4E4D15009BE07C /* Foundation.framework */ = {isa = PBXFileReference; lastKnownFileType = wrapper.framework; name = Foundation.framework; path = System/Library/Frameworks/Foundation.framework; sourceTree = SDKROOT; };
/* End PBXFileReference section */

/* Begin PBXFrameworksBuildPhase section */
		F87777C72E4E438C009BE07C /* Frameworks */ = {
			isa = PBXFrameworksBuildPhase;
			buildActionMask = 2147483647;
			files = (
				F87777DC2E4E4D15009BE07C /* Foundation.framework in Frameworks */,
				F87777DA2E4E4CD0009BE07C /* Metal.framework in Frameworks */,
			);
			runOnlyForDeploymentPostprocessing = 0;
		};
/* End PBXFrameworksBuildPhase section */

/* Begin PBXGroup section */
		F87777C02E4E438C009BE07C = {
			isa = PBXGroup;
			children = (
				F87777D22E4E46FB009BE07C /* mandelbrot_set.h */,
				F87777D32E4E46FB009BE07C /* mandelbrot_set.cpp */,
				F87777D02E4E443B009BE07C /* kernels.metal */,
				F87777D82E4E4CD0009BE07C /* Frameworks */,
				F87777CA2E4E438C009BE07C /* Products */,
			);
			sourceTree = "<group>";
		};
		F87777CA2E4E438C009BE07C /* Products */ = {
			isa = PBXGroup;
			children = (
				F87777C92E4E438C009BE07C /* libgpucompute.dylib */,
			);
			name = Products;
			sourceTree = "<group>";
		};
		F87777D82E4E4CD0009BE07C /* Frameworks */ = {
			isa = PBXGroup;
			children = (
				F87777DB2E4E4D15009BE07C /* Foundation.framework */,
				F87777D92E4E4CD0009BE07C /* Metal.framework */,
			);
			name = Frameworks;
			sourceTree = "<group>";
		};
/* End PBXGroup section */

/* Begin PBXHeadersBuildPhase section */
		F87777C52E4E438C009BE07C /* Headers */ = {
			isa = PBXHeadersBuildPhase;
			buildActionMask = 2147483647;
			files = (
				F87777D52E4E46FB009BE07C /* mandelbrot_set.h in Headers */,
			);
			runOnlyForDeploymentPostprocessing = 0;
		};
/* End PBXHeadersBuildPhase section */

/* Begin PBXNativeTarget section */
		F87777C82E4E438C009BE07C /* gpucompute */ = {
			isa = PBXNativeTarget;
			buildConfigurationList = F87777CD2E4E438C009BE07C /* Build configuration list for PBXNativeTarget "gpucompute" */;
			buildPhases = (
				F87777C52E4E438C009BE07C /* Headers */,
				F87777C62E4E438C009BE07C /* Sources */,
				F87777C72E4E438C009BE07C /* Frameworks */,
			);
			buildRules = (
			);
			dependencies = (
			);
			name = gpucompute;
			packageProductDependencies = (
			);
			productName = gpucompute;
			productReference = F87777C92E4E438C009BE07C /* libgpucompute.dylib */;
			productType = "com.apple.product-type.library.dynamic";
		};
/* End PBXNativeTarget section */

/* Begin PBXProject section */
		F87777C12E4E438C009BE07C /* Project object */ = {
			isa = PBXProject;
			attributes = {
				BuildIndependentTargetsInParallel = 1;
				LastUpgradeCheck = 1640;
				TargetAttributes = {
					F87777C82E4E438C009BE07C = {
						CreatedOnToolsVersion = 16.4;
					};
				};
			};
			buildConfigurationList = F87777C42E4E438C009BE07C /* Build configuration list for PBXProject "gpucompute" */;
			developmentRegion = en;
			hasScannedForEncodings = 0;
			knownRegions = (
				en,
				Base,
			);
			mainGroup = F87777C02E4E438C009BE07C;
			minimizedProjectReferenceProxies = 1;
			preferredProjectObjectVersion = 77;
			productRefGroup = F87777CA2E4E438C009BE07C /* Products */;
			projectDirPath = "";
			projectRoot = "";
			targets = (
				F87777C82E4E438C009BE07C /* gpucompute */,
			);
		};
/* End PBXProject section */

/* Begin PBXSourcesBuildPhase section */
		F87777C62E4E438C009BE07C /* Sources */ = {
			isa = PBXSourcesBuildPhase;
			buildActionMask = 2147483647;
			files = (
				F87777D42E4E46FB009BE07C /* mandelbrot_set.cpp in Sources */,
				F87777D12E4E443B009BE07C /* kernels.metal in Sources */,
			);
			runOnlyForDeploymentPostprocessing = 0;
		};
/* End PBXSourcesBuildPhase section */

/* Begin XCBuildConfiguration section */
		F87777CB2E4E438C009BE07C /* Debug */ = {
			isa = XCBuildConfiguration;
			buildSettings = {
				ALWAYS_SEARCH_USER_PATHS = NO;
				ASSETCATALOG_COMPILER_GENERATE_SWIFT_ASSET_SYMBOL_EXTENSIONS = YES;
				CLANG_ANALYZER_NONNULL = YES;
				CLANG_ANALYZER_NUMBER_OBJECT_CONVERSION = YES_AGGRESSIVE;
				CLANG_CXX_LANGUAGE_STANDARD = "gnu++20";
				CLANG_ENABLE_MODULES = YES;
				CLANG_ENABLE_OBJC_ARC = YES;
				CLANG_ENABLE_OBJC_WEAK = YES;
				CLANG_WARN_BLOCK_CAPTURE_AUTORELEASING = YES;
				CLANG_WARN_BOOL_CONVERSION = YES;
				CLANG_WARN_COMMA = YES;
				CLANG_WARN_CONSTANT_CONVERSION = YES;
				CLANG_WARN_DEPRECATED_OBJC_IMPLEMENTATIONS = YES;
				CLANG_WARN_DIRECT_OBJC_ISA_USAGE = YES_ERROR;
				CLANG_WARN_DOCUMENTATION_COMMENTS = YES;
				CLANG_WARN_EMPTY_BODY = YES;
				CLANG_WARN_ENUM_CONVERSION = YES;
				CLANG_WARN_INFINITE_RECURSION = YES;
				CLANG_WARN_INT_CONVERSION = YES;
				CLANG_WARN_NON_LITERAL_NULL_CONVERSION = YES;
				CLANG_WARN_OBJC_IMPLICIT_RETAIN_SELF = YES;
				CLANG_WARN_OBJC_LITERAL_CONVERSION = YES;
				CLANG_WARN_OBJC_ROOT_CLASS = YES_ERROR;
				CLANG_WARN_QUOTED_INCLUDE_IN_FRAMEWORK_HEADER = YES;
				CLANG_WARN_RANGE_LOOP_ANALYSIS = YES;
				CLANG_WARN_STRICT_PROTOTYPES = YES;
				CLANG_WARN_SUSPICIOUS_MOVE = YES;
				CLANG_WARN_UNGUARDED_AVAILABILITY = YES_AGGRESSIVE;
				CLANG_WARN_UNREACHABLE_CODE = YES;
				CLANG_WARN__DUPLICATE_METHOD_MATCH = YES;
				COPY_PHASE_STRIP = NO;
				DEBUG_INFORMATION_FORMAT = dwarf;
				DEVELOPMENT_TEAM = GGANRN4FDL;
				ENABLE_STRICT_OBJC_MSGSEND = YES;
				ENABLE_TESTABILITY = YES;
				ENABLE_USER_SCRIPT_SANDBOXING = YES;
				GCC_C_LANGUAGE_STANDARD = gnu17;
				GCC_DYNAMIC_NO_PIC = NO;
				GCC_NO_COMMON_BLOCKS = YES;
				GCC_OPTIMIZATION_LEVEL = 0;
				GCC_PREPROCESSOR_DEFINITIONS = (
					"DEBUG=1",
					"$(inherited)",
				);
				GCC_WARN_64_TO_32_BIT_CONVERSION = YES;
				GCC_WARN_ABOUT_RETURN_TYPE = YES_ERROR;
				GCC_WARN_UNDECLARED_SELECTOR = YES;
				GCC_WARN_UNINITIALIZED_AUTOS = YES_AGGRESSIVE;
				GCC_WARN_UNUSED_FUNCTION = YES;
				GCC_WARN_UNUSED_VARIABLE = YES;
				LOCALIZATION_PREFERS_STRING_CATALOGS = YES;
				MACOSX_DEPLOYMENT_TARGET = 15.5;
				MTL_ENABLE_DEBUG_INFO = INCLUDE_SOURCE;
				MTL_FAST_MATH = YES;
				ONLY_ACTIVE_ARCH = YES;
				SDKROOT = macosx;
			};
			name = Debug;
		};
		F87777CC2E4E438C009BE07C /* Release */ = {
			isa = XCBuildConfiguration;
			buildSettings = {
				ALWAYS_SEARCH_USER_PATHS = NO;
				ASSETCATALOG_COMPILER_GENERATE_SWIFT_ASSET_SYMBOL_EXTENSIONS = YES;
				CLANG_ANALYZER_NONNULL = YES;
				CLANG_ANALYZER_NUMBER_OBJECT_CONVERSION = YES_AGGRESSIVE;
				CLANG_CXX_LANGUAGE_STANDARD = "gnu++20";
				CLANG_ENABLE_MODULES = YES;
				CLANG_ENABLE_OBJC_ARC = YES;
				CLANG_ENABLE_OBJC_WEAK = YES;
				CLANG_WARN_BLOCK_CAPTURE_AUTORELEASING = YES;
				CLANG_WARN_BOOL_CONVERSION = YES;
				CLANG_WARN_COMMA = YES;
				CLANG_WARN_CONSTANT_CONVERSION = YES;
				CLANG_WARN_DEPRECATED_OBJC_IMPLEMENTATIONS = YES;
				CLANG_WARN_DIRECT_OBJC_ISA_USAGE = YES_ERROR;
				CLANG_WARN_DOCUMENTATION_COMMENTS = YES;
				CLANG_WARN_EMPTY_BODY = YES;
				CLANG_WARN_ENUM_CONVERSION = YES;
				CLANG_WARN_INFINITE_RECURSION = YES;
				CLANG_WARN_INT_CONVERSION = YES;
				CLANG_WARN_NON_LITERAL_NULL_CONVERSION = YES;
				CLANG_WARN_OBJC_IMPLICIT_RETAIN_SELF = YES;
				CLANG_WARN_OBJC_LITERAL_CONVERSION = YES;
				CLANG_WARN_OBJC_ROOT_CLASS = YES_ERROR;
				CLANG_WARN_QUOTED_INCLUDE_IN_FRAMEWORK_HEADER = YES;
				CLANG_WARN_RANGE_LOOP_ANALYSIS = YES;
				CLANG_WARN_STRICT_PROTOTYPES = YES;
				CLANG_WARN_SUSPICIOUS_MOVE = YES;
				CLANG_WARN_UNGUARDED_AVAILABILITY = YES_AGGRESSIVE;
				CLANG_WARN_UNREACHABLE_CODE = YES;
				CLANG_WARN__DUPLICATE_METHOD_MATCH = YES;
				COPY_PHASE_STRIP = NO;
				DEBUG_INFORMATION_FORMAT = "dwarf-with-dsym";
				DEVELOPMENT_TEAM = GGANRN4FDL;
				ENABLE_NS_ASSERTIONS = NO;
				ENABLE_STRICT_OBJC_MSGSEND = YES;
				ENABLE_USER_SCRIPT_SANDBOXING = YES;
				GCC_C_LANGUAGE_STANDARD = gnu17;
				GCC_NO_COMMON_BLOCKS = YES;
				GCC_WARN_64_TO_32_BIT_CONVERSION = YES;
				GCC_WARN_ABOUT_RETURN_TYPE = YES_ERROR;
				GCC_WARN_UNDECLARED_SELECTOR = YES;
				GCC_WARN_UNINITIALIZED_AUTOS = YES_AGGRESSIVE;
				GCC_WARN_UNUSED_FUNCTION = YES;
				GCC_WARN_UNUSED_VARIABLE = YES;
				LOCALIZATION_PREFERS_STRING_CATALOGS = YES;
				MACOSX_DEPLOYMENT_TARGET = 15.5;
				MTL_ENABLE_DEBUG_INFO = NO;
				MTL_FAST_MATH = YES;
				SDKROOT = macosx;
			};
			name = Release;
		};
		F87777CE2E4E438C009BE07C /* Debug */ = {
			isa = XCBuildConfiguration;
			buildSettings = {
				CLANG_CXX_LANGUAGE_STANDARD = "c++17";
				CODE_SIGN_STYLE = Automatic;
				DEVELOPMENT_TEAM = GGANRN4FDL;
				DYLIB_COMPATIBILITY_VERSION = 1;
				DYLIB_CURRENT_VERSION = 1;
				EXECUTABLE_PREFIX = lib;
				"HEADER_SEARCH_PATHS[arch=*]" = "metal-cpp";
				PRODUCT_NAME = "$(TARGET_NAME)";
				SKIP_INSTALL = YES;
			};
			name = Debug;
		};
		F87777CF2E4E438C009BE07C /* Release */ = {
			isa = XCBuildConfiguration;
			buildSettings = {
				CLANG_CXX_LANGUAGE_STANDARD = "c++17";
				CODE_SIGN_STYLE = Automatic;
				DEVELOPMENT_TEAM = GGANRN4FDL;
				DYLIB_COMPATIBILITY_VERSION = 1;
				DYLIB_CURRENT_VERSION = 1;
				EXECUTABLE_PREFIX = lib;
				"HEADER_SEARCH_PATHS[arch=*]" = "metal-cpp";
				PRODUCT_NAME = "$(TARGET_NAME)";
				SKIP_INSTALL = YES;
			};
			name = Release;
		};
/* End XCBuildConfiguration section */

/* Begin XCConfigurationList section */
		F87777C42E4E438C009BE07C /* Build configuration list for PBXProject "gpucompute" */ = {
			isa = XCConfigurationList;
			buildConfigurations = (
				F87777CB2E4E438C009BE07C /* Debug */,
				F87777CC2E4E438C009BE07C /* Release */,
			);
			defaultConfigurationIsVisible = 0;
			defaultConfigurationName = Release;
		};
		F87777CD2E4E438C009BE07C /* Build configuration list for PBXNativeTarget "gpucompute" */ = {
			isa = XCConfigurationList;
			buildConfigurations = (
				F87777CE2E4E438C009BE07C /* Debug */,
				F87777CF2E4E438C009BE07C /* Release */,
			);
			defaultConfigurationIsVisible = 0;
			defaultConfigurationName = Release;
		};
/* End XCConfigurationList section */
	};
	rootObject = F87777C12E4E438C009BE07C /* Project object */;
}
